
Microsoft Visual Studio Solution File, Format Version 12.00
# Visual Studio 14
VisualStudioVersion = 14.0.25420.1
MinimumVisualStudioVersion = 10.0.40219.1
Project("{FAE04EC0-301F-11D3-BF4B-00C04F79EFBC}") = "Cats.Android", "Cats\Cats.Android\Cats.Android.csproj", "{3E0607F4-95DD-443A-9FD2-A3D9BBB378CC}"
EndProject
Project("{FAE04EC0-301F-11D3-BF4B-00C04F79EFBC}") = "Cats", "Cats\Cats\Cats.csproj", "{949DDA1E-7A85-4086-AD0B-41B86DE6EE08}"
EndProject
Project("{FAE04EC0-301F-11D3-BF4B-00C04F79EFBC}") = "Cats.UWP", "Cats\Cats.UWP\Cats.UWP.csproj", "{0D7DFCAF-CA08-4DA4-A8EF-D5D6B95BDFC2}"
EndProject
Project("{FAE04EC0-301F-11D3-BF4B-00C04F79EFBC}") = "Cats.iOS", "Cats\Cats.iOS\Cats.iOS.csproj", "{B48BBFFC-8C7F-45C1-8D9C-6A50365CDAE8}"
EndProject
Global
	GlobalSection(SolutionConfigurationPlatforms) = preSolution
		Ad-Hoc|Any CPU = Ad-Hoc|Any CPU
		Ad-Hoc|ARM = Ad-Hoc|ARM
		Ad-Hoc|iPhone = Ad-Hoc|iPhone
		Ad-Hoc|iPhoneSimulator = Ad-Hoc|iPhoneSimulator
		Ad-Hoc|x64 = Ad-Hoc|x64
		Ad-Hoc|x86 = Ad-Hoc|x86
		AppStore|Any CPU = AppStore|Any CPU
		AppStore|ARM = AppStore|ARM
		AppStore|iPhone = AppStore|iPhone
		AppStore|iPhoneSimulator = AppStore|iPhoneSimulator
		AppStore|x64 = AppStore|x64
		AppStore|x86 = AppStore|x86
		Debug|Any CPU = Debug|Any CPU
		Debug|ARM = Debug|ARM
		Debug|iPhone = Debug|iPhone
		Debug|iPhoneSimulator = Debug|iPhoneSimulator
		Debug|x64 = Debug|x64
		Debug|x86 = Debug|x86
		Release|Any CPU = Release|Any CPU
		Release|ARM = Release|ARM
		Release|iPhone = Release|iPhone
		Release|iPhoneSimulator = Release|iPhoneSimulator
		Release|x64 = Release|x64
		Release|x86 = Release|x86
	EndGlobalSection
	GlobalSection(ProjectConfigurationPlatforms) = postSolution
		{3E0607F4-95DD-443A-9FD2-A3D9BBB378CC}.Ad-Hoc|Any CPU.ActiveCfg = Release|Any CPU
		{3E0607F4-95DD-443A-9FD2-A3D9BBB378CC}.Ad-Hoc|Any CPU.Build.0 = Release|Any CPU
		{3E0607F4-95DD-443A-9FD2-A3D9BBB378CC}.Ad-Hoc|Any CPU.Deploy.0 = Release|Any CPU
		{3E0607F4-95DD-443A-9FD2-A3D9BBB378CC}.Ad-Hoc|ARM.ActiveCfg = Release|Any CPU
		{3E0607F4-95DD-443A-9FD2-A3D9BBB378CC}.Ad-Hoc|ARM.Build.0 = Release|Any CPU
		{3E0607F4-95DD-443A-9FD2-A3D9BBB378CC}.Ad-Hoc|ARM.Deploy.0 = Release|Any CPU
		{3E0607F4-95DD-443A-9FD2-A3D9BBB378CC}.Ad-Hoc|iPhone.ActiveCfg = Release|Any CPU
		{3E0607F4-95DD-443A-9FD2-A3D9BBB378CC}.Ad-Hoc|iPhone.Build.0 = Release|Any CPU
		{3E0607F4-95DD-443A-9FD2-A3D9BBB378CC}.Ad-Hoc|iPhone.Deploy.0 = Release|Any CPU
		{3E0607F4-95DD-443A-9FD2-A3D9BBB378CC}.Ad-Hoc|iPhoneSimulator.ActiveCfg = Release|Any CPU
		{3E0607F4-95DD-443A-9FD2-A3D9BBB378CC}.Ad-Hoc|iPhoneSimulator.Build.0 = Release|Any CPU
		{3E0607F4-95DD-443A-9FD2-A3D9BBB378CC}.Ad-Hoc|iPhoneSimulator.Deploy.0 = Release|Any CPU
		{3E0607F4-95DD-443A-9FD2-A3D9BBB378CC}.Ad-Hoc|x64.ActiveCfg = Release|Any CPU
		{3E0607F4-95DD-443A-9FD2-A3D9BBB378CC}.Ad-Hoc|x64.Build.0 = Release|Any CPU
		{3E0607F4-95DD-443A-9FD2-A3D9BBB378CC}.Ad-Hoc|x64.Deploy.0 = Release|Any CPU
		{3E0607F4-95DD-443A-9FD2-A3D9BBB378CC}.Ad-Hoc|x86.ActiveCfg = Release|Any CPU
		{3E0607F4-95DD-443A-9FD2-A3D9BBB378CC}.Ad-Hoc|x86.Build.0 = Release|Any CPU
		{3E0607F4-95DD-443A-9FD2-A3D9BBB378CC}.Ad-Hoc|x86.Deploy.0 = Release|Any CPU
		{3E0607F4-95DD-443A-9FD2-A3D9BBB378CC}.AppStore|Any CPU.ActiveCfg = Release|Any CPU
		{3E0607F4-95DD-443A-9FD2-A3D9BBB378CC}.AppStore|Any CPU.Build.0 = Release|Any CPU
		{3E0607F4-95DD-443A-9FD2-A3D9BBB378CC}.AppStore|Any CPU.Deploy.0 = Release|Any CPU
		{3E0607F4-95DD-443A-9FD2-A3D9BBB378CC}.AppStore|ARM.ActiveCfg = Release|Any CPU
		{3E0607F4-95DD-443A-9FD2-A3D9BBB378CC}.AppStore|ARM.Build.0 = Release|Any CPU
		{3E0607F4-95DD-443A-9FD2-A3D9BBB378CC}.AppStore|ARM.Deploy.0 = Release|Any CPU
		{3E0607F4-95DD-443A-9FD2-A3D9BBB378CC}.AppStore|iPhone.ActiveCfg = Release|Any CPU
		{3E0607F4-95DD-443A-9FD2-A3D9BBB378CC}.AppStore|iPhone.Build.0 = Release|Any CPU
		{3E0607F4-95DD-443A-9FD2-A3D9BBB378CC}.AppStore|iPhone.Deploy.0 = Release|Any CPU
		{3E0607F4-95DD-443A-9FD2-A3D9BBB378CC}.AppStore|iPhoneSimulator.ActiveCfg = Release|Any CPU
		{3E0607F4-95DD-443A-9FD2-A3D9BBB378CC}.AppStore|iPhoneSimulator.Build.0 = Release|Any CPU
		{3E0607F4-95DD-443A-9FD2-A3D9BBB378CC}.AppStore|iPhoneSimulator.Deploy.0 = Release|Any CPU
		{3E0607F4-95DD-443A-9FD2-A3D9BBB378CC}.AppStore|x64.ActiveCfg = Release|Any CPU
		{3E0607F4-95DD-443A-9FD2-A3D9BBB378CC}.AppStore|x64.Build.0 = Release|Any CPU
		{3E0607F4-95DD-443A-9FD2-A3D9BBB378CC}.AppStore|x64.Deploy.0 = Release|Any CPU
		{3E0607F4-95DD-443A-9FD2-A3D9BBB378CC}.AppStore|x86.ActiveCfg = Release|Any CPU
		{3E0607F4-95DD-443A-9FD2-A3D9BBB378CC}.AppStore|x86.Build.0 = Release|Any CPU
		{3E0607F4-95DD-443A-9FD2-A3D9BBB378CC}.AppStore|x86.Deploy.0 = Release|Any CPU
		{3E0607F4-95DD-443A-9FD2-A3D9BBB378CC}.Debug|Any CPU.ActiveCfg = Debug|Any CPU
		{3E0607F4-95DD-443A-9FD2-A3D9BBB378CC}.Debug|Any CPU.Build.0 = Debug|Any CPU
		{3E0607F4-95DD-443A-9FD2-A3D9BBB378CC}.Debug|Any CPU.Deploy.0 = Debug|Any CPU
		{3E0607F4-95DD-443A-9FD2-A3D9BBB378CC}.Debug|ARM.ActiveCfg = Debug|Any CPU
		{3E0607F4-95DD-443A-9FD2-A3D9BBB378CC}.Debug|ARM.Build.0 = Debug|Any CPU
		{3E0607F4-95DD-443A-9FD2-A3D9BBB378CC}.Debug|ARM.Deploy.0 = Debug|Any CPU
		{3E0607F4-95DD-443A-9FD2-A3D9BBB378CC}.Debug|iPhone.ActiveCfg = Debug|Any CPU
		{3E0607F4-95DD-443A-9FD2-A3D9BBB378CC}.Debug|iPhone.Build.0 = Debug|Any CPU
		{3E0607F4-95DD-443A-9FD2-A3D9BBB378CC}.Debug|iPhone.Deploy.0 = Debug|Any CPU
		{3E0607F4-95DD-443A-9FD2-A3D9BBB378CC}.Debug|iPhoneSimulator.ActiveCfg = Debug|Any CPU
		{3E0607F4-95DD-443A-9FD2-A3D9BBB378CC}.Debug|iPhoneSimulator.Build.0 = Debug|Any CPU
		{3E0607F4-95DD-443A-9FD2-A3D9BBB378CC}.Debug|iPhoneSimulator.Deploy.0 = Debug|Any CPU
		{3E0607F4-95DD-443A-9FD2-A3D9BBB378CC}.Debug|x64.ActiveCfg = Debug|Any CPU
		{3E0607F4-95DD-443A-9FD2-A3D9BBB378CC}.Debug|x64.Build.0 = Debug|Any CPU
		{3E0607F4-95DD-443A-9FD2-A3D9BBB378CC}.Debug|x64.Deploy.0 = Debug|Any CPU
		{3E0607F4-95DD-443A-9FD2-A3D9BBB378CC}.Debug|x86.ActiveCfg = Debug|Any CPU
		{3E0607F4-95DD-443A-9FD2-A3D9BBB378CC}.Debug|x86.Build.0 = Debug|Any CPU
		{3E0607F4-95DD-443A-9FD2-A3D9BBB378CC}.Debug|x86.Deploy.0 = Debug|Any CPU
		{3E0607F4-95DD-443A-9FD2-A3D9BBB378CC}.Release|Any CPU.ActiveCfg = Release|Any CPU
		{3E0607F4-95DD-443A-9FD2-A3D9BBB378CC}.Release|Any CPU.Build.0 = Release|Any CPU
		{3E0607F4-95DD-443A-9FD2-A3D9BBB378CC}.Release|Any CPU.Deploy.0 = Release|Any CPU
		{3E0607F4-95DD-443A-9FD2-A3D9BBB378CC}.Release|ARM.ActiveCfg = Release|Any CPU
		{3E0607F4-95DD-443A-9FD2-A3D9BBB378CC}.Release|ARM.Build.0 = Release|Any CPU
		{3E0607F4-95DD-443A-9FD2-A3D9BBB378CC}.Release|ARM.Deploy.0 = Release|Any CPU
		{3E0607F4-95DD-443A-9FD2-A3D9BBB378CC}.Release|iPhone.ActiveCfg = Release|Any CPU
		{3E0607F4-95DD-443A-9FD2-A3D9BBB378CC}.Release|iPhone.Build.0 = Release|Any CPU
		{3E0607F4-95DD-443A-9FD2-A3D9BBB378CC}.Release|iPhone.Deploy.0 = Release|Any CPU
		{3E0607F4-95DD-443A-9FD2-A3D9BBB378CC}.Release|iPhoneSimulator.ActiveCfg = Release|Any CPU
		{3E0607F4-95DD-443A-9FD2-A3D9BBB378CC}.Release|iPhoneSimulator.Build.0 = Release|Any CPU
		{3E0607F4-95DD-443A-9FD2-A3D9BBB378CC}.Release|iPhoneSimulator.Deploy.0 = Release|Any CPU
		{3E0607F4-95DD-443A-9FD2-A3D9BBB378CC}.Release|x64.ActiveCfg = Release|Any CPU
		{3E0607F4-95DD-443A-9FD2-A3D9BBB378CC}.Release|x64.Build.0 = Release|Any CPU
		{3E0607F4-95DD-443A-9FD2-A3D9BBB378CC}.Release|x64.Deploy.0 = Release|Any CPU
		{3E0607F4-95DD-443A-9FD2-A3D9BBB378CC}.Release|x86.ActiveCfg = Release|Any CPU
		{3E0607F4-95DD-443A-9FD2-A3D9BBB378CC}.Release|x86.Build.0 = Release|Any CPU
		{3E0607F4-95DD-443A-9FD2-A3D9BBB378CC}.Release|x86.Deploy.0 = Release|Any CPU
		{949DDA1E-7A85-4086-AD0B-41B86DE6EE08}.Ad-Hoc|Any CPU.ActiveCfg = Release|Any CPU
		{949DDA1E-7A85-4086-AD0B-41B86DE6EE08}.Ad-Hoc|Any CPU.Build.0 = Release|Any CPU
		{949DDA1E-7A85-4086-AD0B-41B86DE6EE08}.Ad-Hoc|ARM.ActiveCfg = Release|Any CPU
		{949DDA1E-7A85-4086-AD0B-41B86DE6EE08}.Ad-Hoc|ARM.Build.0 = Release|Any CPU
		{949DDA1E-7A85-4086-AD0B-41B86DE6EE08}.Ad-Hoc|iPhone.ActiveCfg = Release|Any CPU
		{949DDA1E-7A85-4086-AD0B-41B86DE6EE08}.Ad-Hoc|iPhone.Build.0 = Release|Any CPU
		{949DDA1E-7A85-4086-AD0B-41B86DE6EE08}.Ad-Hoc|iPhoneSimulator.ActiveCfg = Release|Any CPU
		{949DDA1E-7A85-4086-AD0B-41B86DE6EE08}.Ad-Hoc|iPhoneSimulator.Build.0 = Release|Any CPU
		{949DDA1E-7A85-4086-AD0B-41B86DE6EE08}.Ad-Hoc|x64.ActiveCfg = Release|Any CPU
		{949DDA1E-7A85-4086-AD0B-41B86DE6EE08}.Ad-Hoc|x64.Build.0 = Release|Any CPU
		{949DDA1E-7A85-4086-AD0B-41B86DE6EE08}.Ad-Hoc|x86.ActiveCfg = Release|Any CPU
		{949DDA1E-7A85-4086-AD0B-41B86DE6EE08}.Ad-Hoc|x86.Build.0 = Release|Any CPU
		{949DDA1E-7A85-4086-AD0B-41B86DE6EE08}.AppStore|Any CPU.ActiveCfg = Release|Any CPU
		{949DDA1E-7A85-4086-AD0B-41B86DE6EE08}.AppStore|Any CPU.Build.0 = Release|Any CPU
		{949DDA1E-7A85-4086-AD0B-41B86DE6EE08}.AppStore|ARM.ActiveCfg = Release|Any CPU
		{949DDA1E-7A85-4086-AD0B-41B86DE6EE08}.AppStore|ARM.Build.0 = Release|Any CPU
		{949DDA1E-7A85-4086-AD0B-41B86DE6EE08}.AppStore|iPhone.ActiveCfg = Release|Any CPU
		{949DDA1E-7A85-4086-AD0B-41B86DE6EE08}.AppStore|iPhone.Build.0 = Release|Any CPU
		{949DDA1E-7A85-4086-AD0B-41B86DE6EE08}.AppStore|iPhoneSimulator.ActiveCfg = Release|Any CPU
		{949DDA1E-7A85-4086-AD0B-41B86DE6EE08}.AppStore|iPhoneSimulator.Build.0 = Release|Any CPU
		{949DDA1E-7A85-4086-AD0B-41B86DE6EE08}.AppStore|x64.ActiveCfg = Release|Any CPU
		{949DDA1E-7A85-4086-AD0B-41B86DE6EE08}.AppStore|x64.Build.0 = Release|Any CPU
		{949DDA1E-7A85-4086-AD0B-41B86DE6EE08}.AppStore|x86.ActiveCfg = Release|Any CPU
		{949DDA1E-7A85-4086-AD0B-41B86DE6EE08}.AppStore|x86.Build.0 = Release|Any CPU
		{949DDA1E-7A85-4086-AD0B-41B86DE6EE08}.Debug|Any CPU.ActiveCfg = Debug|Any CPU
		{949DDA1E-7A85-4086-AD0B-41B86DE6EE08}.Debug|Any CPU.Build.0 = Debug|Any CPU
		{949DDA1E-7A85-4086-AD0B-41B86DE6EE08}.Debug|ARM.ActiveCfg = Debug|Any CPU
		{949DDA1E-7A85-4086-AD0B-41B86DE6EE08}.Debug|ARM.Build.0 = Debug|Any CPU
		{949DDA1E-7A85-4086-AD0B-41B86DE6EE08}.Debug|iPhone.ActiveCfg = Debug|Any CPU
		{949DDA1E-7A85-4086-AD0B-41B86DE6EE08}.Debug|iPhone.Build.0 = Debug|Any CPU
		{949DDA1E-7A85-4086-AD0B-41B86DE6EE08}.Debug|iPhoneSimulator.ActiveCfg = Debug|Any CPU
		{949DDA1E-7A85-4086-AD0B-41B86DE6EE08}.Debug|iPhoneSimulator.Build.0 = Debug|Any CPU
		{949DDA1E-7A85-4086-AD0B-41B86DE6EE08}.Debug|x64.ActiveCfg = Debug|Any CPU
		{949DDA1E-7A85-4086-AD0B-41B86DE6EE08}.Debug|x64.Build.0 = Debug|Any CPU
		{949DDA1E-7A85-4086-AD0B-41B86DE6EE08}.Debug|x86.ActiveCfg = Debug|Any CPU
		{949DDA1E-7A85-4086-AD0B-41B86DE6EE08}.Debug|x86.Build.0 = Debug|Any CPU
		{949DDA1E-7A85-4086-AD0B-41B86DE6EE08}.Release|Any CPU.ActiveCfg = Release|Any CPU
		{949DDA1E-7A85-4086-AD0B-41B86DE6EE08}.Release|Any CPU.Build.0 = Release|Any CPU
		{949DDA1E-7A85-4086-AD0B-41B86DE6EE08}.Release|ARM.ActiveCfg = Release|Any CPU
		{949DDA1E-7A85-4086-AD0B-41B86DE6EE08}.Release|ARM.Build.0 = Release|Any CPU
		{949DDA1E-7A85-4086-AD0B-41B86DE6EE08}.Release|iPhone.ActiveCfg = Release|Any CPU
		{949DDA1E-7A85-4086-AD0B-41B86DE6EE08}.Release|iPhone.Build.0 = Release|Any CPU
		{949DDA1E-7A85-4086-AD0B-41B86DE6EE08}.Release|iPhoneSimulator.ActiveCfg = Release|Any CPU
		{949DDA1E-7A85-4086-AD0B-41B86DE6EE08}.Release|iPhoneSimulator.Build.0 = Release|Any CPU
		{949DDA1E-7A85-4086-AD0B-41B86DE6EE08}.Release|x64.ActiveCfg = Release|Any CPU
		{949DDA1E-7A85-4086-AD0B-41B86DE6EE08}.Release|x64.Build.0 = Release|Any CPU
		{949DDA1E-7A85-4086-AD0B-41B86DE6EE08}.Release|x86.ActiveCfg = Release|Any CPU
		{949DDA1E-7A85-4086-AD0B-41B86DE6EE08}.Release|x86.Build.0 = Release|Any CPU
		{0D7DFCAF-CA08-4DA4-A8EF-D5D6B95BDFC2}.Ad-Hoc|Any CPU.ActiveCfg = Release|x86
		{0D7DFCAF-CA08-4DA4-A8EF-D5D6B95BDFC2}.Ad-Hoc|Any CPU.Build.0 = Release|x86
		{0D7DFCAF-CA08-4DA4-A8EF-D5D6B95BDFC2}.Ad-Hoc|Any CPU.Deploy.0 = Release|x86
		{0D7DFCAF-CA08-4DA4-A8EF-D5D6B95BDFC2}.Ad-Hoc|ARM.ActiveCfg = Release|ARM
		{0D7DFCAF-CA08-4DA4-A8EF-D5D6B95BDFC2}.Ad-Hoc|ARM.Build.0 = Release|ARM
		{0D7DFCAF-CA08-4DA4-A8EF-D5D6B95BDFC2}.Ad-Hoc|ARM.Deploy.0 = Release|ARM
		{0D7DFCAF-CA08-4DA4-A8EF-D5D6B95BDFC2}.Ad-Hoc|iPhone.ActiveCfg = Release|x86
		{0D7DFCAF-CA08-4DA4-A8EF-D5D6B95BDFC2}.Ad-Hoc|iPhone.Build.0 = Release|x86
		{0D7DFCAF-CA08-4DA4-A8EF-D5D6B95BDFC2}.Ad-Hoc|iPhone.Deploy.0 = Release|x86
		{0D7DFCAF-CA08-4DA4-A8EF-D5D6B95BDFC2}.Ad-Hoc|iPhoneSimulator.ActiveCfg = Release|x86
		{0D7DFCAF-CA08-4DA4-A8EF-D5D6B95BDFC2}.Ad-Hoc|iPhoneSimulator.Build.0 = Release|x86
		{0D7DFCAF-CA08-4DA4-A8EF-D5D6B95BDFC2}.Ad-Hoc|iPhoneSimulator.Deploy.0 = Release|x86
		{0D7DFCAF-CA08-4DA4-A8EF-D5D6B95BDFC2}.Ad-Hoc|x64.ActiveCfg = Release|x64
		{0D7DFCAF-CA08-4DA4-A8EF-D5D6B95BDFC2}.Ad-Hoc|x64.Build.0 = Release|x64
		{0D7DFCAF-CA08-4DA4-A8EF-D5D6B95BDFC2}.Ad-Hoc|x64.Deploy.0 = Release|x64
		{0D7DFCAF-CA08-4DA4-A8EF-D5D6B95BDFC2}.Ad-Hoc|x86.ActiveCfg = Release|x86
		{0D7DFCAF-CA08-4DA4-A8EF-D5D6B95BDFC2}.Ad-Hoc|x86.Build.0 = Release|x86
		{0D7DFCAF-CA08-4DA4-A8EF-D5D6B95BDFC2}.Ad-Hoc|x86.Deploy.0 = Release|x86
		{0D7DFCAF-CA08-4DA4-A8EF-D5D6B95BDFC2}.AppStore|Any CPU.ActiveCfg = Release|x86
		{0D7DFCAF-CA08-4DA4-A8EF-D5D6B95BDFC2}.AppStore|Any CPU.Build.0 = Release|x86
		{0D7DFCAF-CA08-4DA4-A8EF-D5D6B95BDFC2}.AppStore|Any CPU.Deploy.0 = Release|x86
		{0D7DFCAF-CA08-4DA4-A8EF-D5D6B95BDFC2}.AppStore|ARM.ActiveCfg = Release|ARM
		{0D7DFCAF-CA08-4DA4-A8EF-D5D6B95BDFC2}.AppStore|ARM.Build.0 = Release|ARM
		{0D7DFCAF-CA08-4DA4-A8EF-D5D6B95BDFC2}.AppStore|ARM.Deploy.0 = Release|ARM
		{0D7DFCAF-CA08-4DA4-A8EF-D5D6B95BDFC2}.AppStore|iPhone.ActiveCfg = Release|x86
		{0D7DFCAF-CA08-4DA4-A8EF-D5D6B95BDFC2}.AppStore|iPhone.Build.0 = Release|x86
		{0D7DFCAF-CA08-4DA4-A8EF-D5D6B95BDFC2}.AppStore|iPhone.Deploy.0 = Release|x86
		{0D7DFCAF-CA08-4DA4-A8EF-D5D6B95BDFC2}.AppStore|iPhoneSimulator.ActiveCfg = Release|x86
		{0D7DFCAF-CA08-4DA4-A8EF-D5D6B95BDFC2}.AppStore|iPhoneSimulator.Build.0 = Release|x86
		{0D7DFCAF-CA08-4DA4-A8EF-D5D6B95BDFC2}.AppStore|iPhoneSimulator.Deploy.0 = Release|x86
		{0D7DFCAF-CA08-4DA4-A8EF-D5D6B95BDFC2}.AppStore|x64.ActiveCfg = Release|x64
		{0D7DFCAF-CA08-4DA4-A8EF-D5D6B95BDFC2}.AppStore|x64.Build.0 = Release|x64
		{0D7DFCAF-CA08-4DA4-A8EF-D5D6B95BDFC2}.AppStore|x64.Deploy.0 = Release|x64
		{0D7DFCAF-CA08-4DA4-A8EF-D5D6B95BDFC2}.AppStore|x86.ActiveCfg = Release|x86
		{0D7DFCAF-CA08-4DA4-A8EF-D5D6B95BDFC2}.AppStore|x86.Build.0 = Release|x86
		{0D7DFCAF-CA08-4DA4-A8EF-D5D6B95BDFC2}.AppStore|x86.Deploy.0 = Release|x86
		{0D7DFCAF-CA08-4DA4-A8EF-D5D6B95BDFC2}.Debug|Any CPU.ActiveCfg = Debug|x86
		{0D7DFCAF-CA08-4DA4-A8EF-D5D6B95BDFC2}.Debug|ARM.ActiveCfg = Debug|ARM
		{0D7DFCAF-CA08-4DA4-A8EF-D5D6B95BDFC2}.Debug|ARM.Build.0 = Debug|ARM
		{0D7DFCAF-CA08-4DA4-A8EF-D5D6B95BDFC2}.Debug|ARM.Deploy.0 = Debug|ARM
		{0D7DFCAF-CA08-4DA4-A8EF-D5D6B95BDFC2}.Debug|iPhone.ActiveCfg = Debug|x86
		{0D7DFCAF-CA08-4DA4-A8EF-D5D6B95BDFC2}.Debug|iPhoneSimulator.ActiveCfg = Debug|x86
		{0D7DFCAF-CA08-4DA4-A8EF-D5D6B95BDFC2}.Debug|x64.ActiveCfg = Debug|x64
		{0D7DFCAF-CA08-4DA4-A8EF-D5D6B95BDFC2}.Debug|x64.Build.0 = Debug|x64
		{0D7DFCAF-CA08-4DA4-A8EF-D5D6B95BDFC2}.Debug|x64.Deploy.0 = Debug|x64
		{0D7DFCAF-CA08-4DA4-A8EF-D5D6B95BDFC2}.Debug|x86.ActiveCfg = Debug|x86
		{0D7DFCAF-CA08-4DA4-A8EF-D5D6B95BDFC2}.Debug|x86.Build.0 = Debug|x86
		{0D7DFCAF-CA08-4DA4-A8EF-D5D6B95BDFC2}.Debug|x86.Deploy.0 = Debug|x86
		{0D7DFCAF-CA08-4DA4-A8EF-D5D6B95BDFC2}.Release|Any CPU.ActiveCfg = Release|x86
		{0D7DFCAF-CA08-4DA4-A8EF-D5D6B95BDFC2}.Release|ARM.ActiveCfg = Release|ARM
		{0D7DFCAF-CA08-4DA4-A8EF-D5D6B95BDFC2}.Release|ARM.Build.0 = Release|ARM
		{0D7DFCAF-CA08-4DA4-A8EF-D5D6B95BDFC2}.Release|ARM.Deploy.0 = Release|ARM
		{0D7DFCAF-CA08-4DA4-A8EF-D5D6B95BDFC2}.Release|iPhone.ActiveCfg = Release|x86
		{0D7DFCAF-CA08-4DA4-A8EF-D5D6B95BDFC2}.Release|iPhoneSimulator.ActiveCfg = Release|x86
		{0D7DFCAF-CA08-4DA4-A8EF-D5D6B95BDFC2}.Release|x64.ActiveCfg = Release|x64
		{0D7DFCAF-CA08-4DA4-A8EF-D5D6B95BDFC2}.Release|x64.Build.0 = Release|x64
		{0D7DFCAF-CA08-4DA4-A8EF-D5D6B95BDFC2}.Release|x64.Deploy.0 = Release|x64
		{0D7DFCAF-CA08-4DA4-A8EF-D5D6B95BDFC2}.Release|x86.ActiveCfg = Release|x86
		{0D7DFCAF-CA08-4DA4-A8EF-D5D6B95BDFC2}.Release|x86.Build.0 = Release|x86
		{0D7DFCAF-CA08-4DA4-A8EF-D5D6B95BDFC2}.Release|x86.Deploy.0 = Release|x86
		{B48BBFFC-8C7F-45C1-8D9C-6A50365CDAE8}.Ad-Hoc|Any CPU.ActiveCfg = Ad-Hoc|iPhone
		{B48BBFFC-8C7F-45C1-8D9C-6A50365CDAE8}.Ad-Hoc|ARM.ActiveCfg = Ad-Hoc|iPhone
		{B48BBFFC-8C7F-45C1-8D9C-6A50365CDAE8}.Ad-Hoc|iPhone.ActiveCfg = Ad-Hoc|iPhone
		{B48BBFFC-8C7F-45C1-8D9C-6A50365CDAE8}.Ad-Hoc|iPhone.Build.0 = Ad-Hoc|iPhone
		{B48BBFFC-8C7F-45C1-8D9C-6A50365CDAE8}.Ad-Hoc|iPhoneSimulator.ActiveCfg = Ad-Hoc|iPhoneSimulator
		{B48BBFFC-8C7F-45C1-8D9C-6A50365CDAE8}.Ad-Hoc|iPhoneSimulator.Build.0 = Ad-Hoc|iPhoneSimulator
		{B48BBFFC-8C7F-45C1-8D9C-6A50365CDAE8}.Ad-Hoc|x64.ActiveCfg = Ad-Hoc|iPhone
		{B48BBFFC-8C7F-45C1-8D9C-6A50365CDAE8}.Ad-Hoc|x86.ActiveCfg = Ad-Hoc|iPhone
		{B48BBFFC-8C7F-45C1-8D9C-6A50365CDAE8}.AppStore|Any CPU.ActiveCfg = AppStore|iPhone
		{B48BBFFC-8C7F-45C1-8D9C-6A50365CDAE8}.AppStore|ARM.ActiveCfg = AppStore|iPhone
		{B48BBFFC-8C7F-45C1-8D9C-6A50365CDAE8}.AppStore|iPhone.ActiveCfg = AppStore|iPhone
		{B48BBFFC-8C7F-45C1-8D9C-6A50365CDAE8}.AppStore|iPhone.Build.0 = AppStore|iPhone
		{B48BBFFC-8C7F-45C1-8D9C-6A50365CDAE8}.AppStore|iPhoneSimulator.ActiveCfg = AppStore|iPhoneSimulator
		{B48BBFFC-8C7F-45C1-8D9C-6A50365CDAE8}.AppStore|iPhoneSimulator.Build.0 = AppStore|iPhoneSimulator
		{B48BBFFC-8C7F-45C1-8D9C-6A50365CDAE8}.AppStore|x64.ActiveCfg = AppStore|iPhone
		{B48BBFFC-8C7F-45C1-8D9C-6A50365CDAE8}.AppStore|x86.ActiveCfg = AppStore|iPhone
		{B48BBFFC-8C7F-45C1-8D9C-6A50365CDAE8}.Debug|Any CPU.ActiveCfg = Debug|iPhone
		{B48BBFFC-8C7F-45C1-8D9C-6A50365CDAE8}.Debug|ARM.ActiveCfg = Debug|iPhone
		{B48BBFFC-8C7F-45C1-8D9C-6A50365CDAE8}.Debug|iPhone.ActiveCfg = Debug|iPhone
		{B48BBFFC-8C7F-45C1-8D9C-6A50365CDAE8}.Debug|iPhone.Build.0 = Debug|iPhone
		{B48BBFFC-8C7F-45C1-8D9C-6A50365CDAE8}.Debug|iPhoneSimulator.ActiveCfg = Debug|iPhoneSimulator
		{B48BBFFC-8C7F-45C1-8D9C-6A50365CDAE8}.Debug|iPhoneSimulator.Build.0 = Debug|iPhoneSimulator
		{B48BBFFC-8C7F-45C1-8D9C-6A50365CDAE8}.Debug|x64.ActiveCfg = Debug|iPhone
		{B48BBFFC-8C7F-45C1-8D9C-6A50365CDAE8}.Debug|x86.ActiveCfg = Debug|iPhone
		{B48BBFFC-8C7F-45C1-8D9C-6A50365CDAE8}.Release|Any CPU.ActiveCfg = Release|iPhone
		{B48BBFFC-8C7F-45C1-8D9C-6A50365CDAE8}.Release|ARM.ActiveCfg = Release|iPhone
		{B48BBFFC-8C7F-45C1-8D9C-6A50365CDAE8}.Release|iPhone.ActiveCfg = Release|iPhone
		{B48BBFFC-8C7F-45C1-8D9C-6A50365CDAE8}.Release|iPhone.Build.0 = Release|iPhone
		{B48BBFFC-8C7F-45C1-8D9C-6A50365CDAE8}.Release|iPhoneSimulator.ActiveCfg = Release|iPhoneSimulator
		{B48BBFFC-8C7F-45C1-8D9C-6A50365CDAE8}.Release|iPhoneSimulator.Build.0 = Release|iPhoneSimulator
		{B48BBFFC-8C7F-45C1-8D9C-6A50365CDAE8}.Release|x64.ActiveCfg = Release|iPhone
		{B48BBFFC-8C7F-45C1-8D9C-6A50365CDAE8}.Release|x86.ActiveCfg = Release|iPhone
	EndGlobalSection
	GlobalSection(SolutionProperties) = preSolution
		HideSolutionNode = FALSE
	EndGlobalSection
EndGlobal
